
Microsoft Visual Studio Solution File, Format Version 12.00
# Visual Studio 15
VisualStudioVersion = 15.0.28307.329
MinimumVisualStudioVersion = 10.0.40219.1
Project("{FAE04EC0-301F-11D3-BF4B-00C04F79EFBC}") = "DTPKutil", "DTPKutil\DTPKutil.csproj", "{C40FF576-6139-433B-A1C5-CDB0BB255545}"
EndProject
Global
	GlobalSection(SolutionConfigurationPlatforms) = preSolution
		Debug|Any CPU = Debug|Any CPU
		Release|Any CPU = Release|Any CPU
	EndGlobalSection
	GlobalSection(ProjectConfigurationPlatforms) = postSolution
		{C40FF576-6139-433B-A1C5-CDB0BB255545}.Debug|Any CPU.ActiveCfg = Debug|Any CPU
		{C40FF576-6139-433B-A1C5-CDB0BB255545}.Debug|Any CPU.Build.0 = Debug|Any CPU
		{C40FF576-6139-433B-A1C5-CDB0BB255545}.Release|Any CPU.ActiveCfg = Release|Any CPU
		{C40FF576-6139-433B-A1C5-CDB0BB255545}.Release|Any CPU.Build.0 = Release|Any CPU
	EndGlobalSection
	GlobalSection(SolutionProperties) = preSolution
		HideSolutionNode = FALSE
	EndGlobalSection
	GlobalSection(ExtensibilityGlobals) = postSolution
		SolutionGuid = {3E8835A8-7369-4FE0-ADF4-43E1B1F40885}
	EndGlobalSection
EndGlobal
